// !$*UTF8*$!
{
	archiveVersion = 1;
	classes = {
	};
	objectVersion = 56;
	objects = {

/* Begin PBXBuildFile section */
		FB79E13F2AFA6DAD0095B469 /* AppDelegate.swift in Sources */ = {isa = PBXBuildFile; fileRef = FB79E13E2AFA6DAD0095B469 /* AppDelegate.swift */; };
		FB79E1412AFA6DAD0095B469 /* SceneDelegate.swift in Sources */ = {isa = PBXBuildFile; fileRef = FB79E1402AFA6DAD0095B469 /* SceneDelegate.swift */; };
		FB79E1462AFA6DAD0095B469 /* Main.storyboard in Resources */ = {isa = PBXBuildFile; fileRef = FB79E1442AFA6DAD0095B469 /* Main.storyboard */; };
		FB79E1482AFA6DAF0095B469 /* Assets.xcassets in Resources */ = {isa = PBXBuildFile; fileRef = FB79E1472AFA6DAF0095B469 /* Assets.xcassets */; };
		FB79E14B2AFA6DAF0095B469 /* LaunchScreen.storyboard in Resources */ = {isa = PBXBuildFile; fileRef = FB79E1492AFA6DAF0095B469 /* LaunchScreen.storyboard */; };
		FB79E1562AFA6E620095B469 /* AuthModel.swift in Sources */ = {isa = PBXBuildFile; fileRef = FB79E1552AFA6E620095B469 /* AuthModel.swift */; };
		FB79E1582AFA6EBD0095B469 /* TaskModel.swift in Sources */ = {isa = PBXBuildFile; fileRef = FB79E1572AFA6EBD0095B469 /* TaskModel.swift */; };
		FBC573482AFC0BAE00555744 /* NetworkError.swift in Sources */ = {isa = PBXBuildFile; fileRef = FBC573472AFC0BAE00555744 /* NetworkError.swift */; };
		FBC5734F2AFC142600555744 /* HomeRepository.swift in Sources */ = {isa = PBXBuildFile; fileRef = FBC5734E2AFC142600555744 /* HomeRepository.swift */; };
		FBC573512AFC145100555744 /* TabbarViewController.swift in Sources */ = {isa = PBXBuildFile; fileRef = FBC573502AFC145100555744 /* TabbarViewController.swift */; };
		FBC573552AFC148D00555744 /* HomeViewModel.swift in Sources */ = {isa = PBXBuildFile; fileRef = FBC573542AFC148D00555744 /* HomeViewModel.swift */; };
		FBC573572AFC149E00555744 /* QrViewModel.swift in Sources */ = {isa = PBXBuildFile; fileRef = FBC573562AFC149E00555744 /* QrViewModel.swift */; };
		FBC573592AFC14D900555744 /* HomeCellViewModel.swift in Sources */ = {isa = PBXBuildFile; fileRef = FBC573582AFC14D900555744 /* HomeCellViewModel.swift */; };
		FBC5735B2AFC153500555744 /* HomeTableViewCell.swift in Sources */ = {isa = PBXBuildFile; fileRef = FBC5735A2AFC153500555744 /* HomeTableViewCell.swift */; };
		FBC5735D2AFC157400555744 /* LocalDataSource.swift in Sources */ = {isa = PBXBuildFile; fileRef = FBC5735C2AFC157400555744 /* LocalDataSource.swift */; };
		FBD494D12AFAAD6E00A7B954 /* SDWebImage in Frameworks */ = {isa = PBXBuildFile; productRef = FBD494D02AFAAD6E00A7B954 /* SDWebImage */; };
		FBD494D42AFAAD7B00A7B954 /* SQLite in Frameworks */ = {isa = PBXBuildFile; productRef = FBD494D32AFAAD7B00A7B954 /* SQLite */; };
		FBD494D72AFAAD8900A7B954 /* Alamofire in Frameworks */ = {isa = PBXBuildFile; productRef = FBD494D62AFAAD8900A7B954 /* Alamofire */; };
		FBD494E22AFAB7D400A7B954 /* ApiConstant.swift in Sources */ = {isa = PBXBuildFile; fileRef = FBD494E12AFAB7D400A7B954 /* ApiConstant.swift */; };
		FBD494E42AFAB80A00A7B954 /* Service.swift in Sources */ = {isa = PBXBuildFile; fileRef = FBD494E32AFAB80A00A7B954 /* Service.swift */; };
		FBD494EA2AFACC9600A7B954 /* HomeViewController.swift in Sources */ = {isa = PBXBuildFile; fileRef = FBD494E92AFACC9600A7B954 /* HomeViewController.swift */; };
		FBD494EC2AFACCA300A7B954 /* QrViewController.swift in Sources */ = {isa = PBXBuildFile; fileRef = FBD494EB2AFACCA300A7B954 /* QrViewController.swift */; };
/* End PBXBuildFile section */

/* Begin PBXFileReference section */
		FB79E13B2AFA6DAD0095B469 /* BauBuddyVERO.app */ = {isa = PBXFileReference; explicitFileType = wrapper.application; includeInIndex = 0; path = BauBuddyVERO.app; sourceTree = BUILT_PRODUCTS_DIR; };
		FB79E13E2AFA6DAD0095B469 /* AppDelegate.swift */ = {isa = PBXFileReference; lastKnownFileType = sourcecode.swift; path = AppDelegate.swift; sourceTree = "<group>"; };
		FB79E1402AFA6DAD0095B469 /* SceneDelegate.swift */ = {isa = PBXFileReference; lastKnownFileType = sourcecode.swift; path = SceneDelegate.swift; sourceTree = "<group>"; };
		FB79E1452AFA6DAD0095B469 /* Base */ = {isa = PBXFileReference; lastKnownFileType = file.storyboard; name = Base; path = Base.lproj/Main.storyboard; sourceTree = "<group>"; };
		FB79E1472AFA6DAF0095B469 /* Assets.xcassets */ = {isa = PBXFileReference; lastKnownFileType = folder.assetcatalog; path = Assets.xcassets; sourceTree = "<group>"; };
		FB79E14A2AFA6DAF0095B469 /* Base */ = {isa = PBXFileReference; lastKnownFileType = file.storyboard; name = Base; path = Base.lproj/LaunchScreen.storyboard; sourceTree = "<group>"; };
		FB79E14C2AFA6DAF0095B469 /* Info.plist */ = {isa = PBXFileReference; lastKnownFileType = text.plist.xml; path = Info.plist; sourceTree = "<group>"; };
		FB79E1552AFA6E620095B469 /* AuthModel.swift */ = {isa = PBXFileReference; lastKnownFileType = sourcecode.swift; path = AuthModel.swift; sourceTree = "<group>"; };
		FB79E1572AFA6EBD0095B469 /* TaskModel.swift */ = {isa = PBXFileReference; lastKnownFileType = sourcecode.swift; path = TaskModel.swift; sourceTree = "<group>"; };
		FBC573472AFC0BAE00555744 /* NetworkError.swift */ = {isa = PBXFileReference; lastKnownFileType = sourcecode.swift; path = NetworkError.swift; sourceTree = "<group>"; };
		FBC5734E2AFC142600555744 /* HomeRepository.swift */ = {isa = PBXFileReference; lastKnownFileType = sourcecode.swift; path = HomeRepository.swift; sourceTree = "<group>"; };
		FBC573502AFC145100555744 /* TabbarViewController.swift */ = {isa = PBXFileReference; lastKnownFileType = sourcecode.swift; path = TabbarViewController.swift; sourceTree = "<group>"; };
		FBC573542AFC148D00555744 /* HomeViewModel.swift */ = {isa = PBXFileReference; lastKnownFileType = sourcecode.swift; path = HomeViewModel.swift; sourceTree = "<group>"; };
		FBC573562AFC149E00555744 /* QrViewModel.swift */ = {isa = PBXFileReference; lastKnownFileType = sourcecode.swift; path = QrViewModel.swift; sourceTree = "<group>"; };
		FBC573582AFC14D900555744 /* HomeCellViewModel.swift */ = {isa = PBXFileReference; lastKnownFileType = sourcecode.swift; path = HomeCellViewModel.swift; sourceTree = "<group>"; };
		FBC5735A2AFC153500555744 /* HomeTableViewCell.swift */ = {isa = PBXFileReference; lastKnownFileType = sourcecode.swift; path = HomeTableViewCell.swift; sourceTree = "<group>"; };
		FBC5735C2AFC157400555744 /* LocalDataSource.swift */ = {isa = PBXFileReference; lastKnownFileType = sourcecode.swift; path = LocalDataSource.swift; sourceTree = "<group>"; };
		FBD494E12AFAB7D400A7B954 /* ApiConstant.swift */ = {isa = PBXFileReference; lastKnownFileType = sourcecode.swift; path = ApiConstant.swift; sourceTree = "<group>"; };
		FBD494E32AFAB80A00A7B954 /* Service.swift */ = {isa = PBXFileReference; lastKnownFileType = sourcecode.swift; path = Service.swift; sourceTree = "<group>"; };
		FBD494E92AFACC9600A7B954 /* HomeViewController.swift */ = {isa = PBXFileReference; lastKnownFileType = sourcecode.swift; path = HomeViewController.swift; sourceTree = "<group>"; };
		FBD494EB2AFACCA300A7B954 /* QrViewController.swift */ = {isa = PBXFileReference; lastKnownFileType = sourcecode.swift; path = QrViewController.swift; sourceTree = "<group>"; };
/* End PBXFileReference section */

/* Begin PBXFrameworksBuildPhase section */
		FB79E1382AFA6DAD0095B469 /* Frameworks */ = {
			isa = PBXFrameworksBuildPhase;
			buildActionMask = 2147483647;
			files = (
				FBD494D72AFAAD8900A7B954 /* Alamofire in Frameworks */,
				FBD494D42AFAAD7B00A7B954 /* SQLite in Frameworks */,
				FBD494D12AFAAD6E00A7B954 /* SDWebImage in Frameworks */,
			);
			runOnlyForDeploymentPostprocessing = 0;
		};
/* End PBXFrameworksBuildPhase section */

/* Begin PBXGroup section */
		FB79E1322AFA6DAD0095B469 = {
			isa = PBXGroup;
			children = (
				FB79E13D2AFA6DAD0095B469 /* BauBuddyVERO */,
				FB79E13C2AFA6DAD0095B469 /* Products */,
			);
			sourceTree = "<group>";
		};
		FB79E13C2AFA6DAD0095B469 /* Products */ = {
			isa = PBXGroup;
			children = (
				FB79E13B2AFA6DAD0095B469 /* BauBuddyVERO.app */,
			);
			name = Products;
			sourceTree = "<group>";
		};
		FB79E13D2AFA6DAD0095B469 /* BauBuddyVERO */ = {
			isa = PBXGroup;
			children = (
				FBC5735E2AFC158A00555744 /* SupportingFiles */,
				FB79E1592AFA6F810095B469 /* Service */,
				FBC5734C2AFC140200555744 /* Repository */,
				FB79E1542AFA6E070095B469 /* View */,
				FB79E1532AFA6E010095B469 /* ViewModel */,
				FB79E1522AFA6DF50095B469 /* Model */,
				FB79E1442AFA6DAD0095B469 /* Main.storyboard */,
				FB79E1472AFA6DAF0095B469 /* Assets.xcassets */,
				FB79E14C2AFA6DAF0095B469 /* Info.plist */,
			);
			path = BauBuddyVERO;
			sourceTree = "<group>";
		};
		FB79E1522AFA6DF50095B469 /* Model */ = {
			isa = PBXGroup;
			children = (
				FB79E1552AFA6E620095B469 /* AuthModel.swift */,
				FB79E1572AFA6EBD0095B469 /* TaskModel.swift */,
			);
			path = Model;
			sourceTree = "<group>";
		};
		FB79E1532AFA6E010095B469 /* ViewModel */ = {
			isa = PBXGroup;
			children = (
				FBC573522AFC147600555744 /* Home */,
				FBC573532AFC147D00555744 /* Qr */,
			);
			path = ViewModel;
			sourceTree = "<group>";
		};
		FB79E1542AFA6E070095B469 /* View */ = {
			isa = PBXGroup;
			children = (
				FBC573492AFC13B100555744 /* Tabbar */,
				FBC5734A2AFC13B700555744 /* Home */,
				FBC5734B2AFC13BE00555744 /* Qr */,
			);
			path = View;
			sourceTree = "<group>";
		};
		FB79E1592AFA6F810095B469 /* Service */ = {
			isa = PBXGroup;
			children = (
				FB79E15B2AFA6F9C0095B469 /* API */,
				FB79E15A2AFA6F950095B469 /* Local-SQL */,
			);
			path = Service;
			sourceTree = "<group>";
		};
		FB79E15A2AFA6F950095B469 /* Local-SQL */ = {
			isa = PBXGroup;
			children = (
				FBC5735C2AFC157400555744 /* LocalDataSource.swift */,
			);
			path = "Local-SQL";
			sourceTree = "<group>";
		};
		FB79E15B2AFA6F9C0095B469 /* API */ = {
			isa = PBXGroup;
			children = (
				FBD494E12AFAB7D400A7B954 /* ApiConstant.swift */,
				FBD494E32AFAB80A00A7B954 /* Service.swift */,
				FBC573472AFC0BAE00555744 /* NetworkError.swift */,
			);
			path = API;
			sourceTree = "<group>";
		};
		FBC573492AFC13B100555744 /* Tabbar */ = {
			isa = PBXGroup;
			children = (
				FBC573502AFC145100555744 /* TabbarViewController.swift */,
			);
			path = Tabbar;
			sourceTree = "<group>";
		};
		FBC5734A2AFC13B700555744 /* Home */ = {
			isa = PBXGroup;
			children = (
				FBD494E92AFACC9600A7B954 /* HomeViewController.swift */,
				FBC5735A2AFC153500555744 /* HomeTableViewCell.swift */,
			);
			path = Home;
			sourceTree = "<group>";
		};
		FBC5734B2AFC13BE00555744 /* Qr */ = {
			isa = PBXGroup;
			children = (
				FBD494EB2AFACCA300A7B954 /* QrViewController.swift */,
			);
			path = Qr;
			sourceTree = "<group>";
		};
		FBC5734C2AFC140200555744 /* Repository */ = {
			isa = PBXGroup;
			children = (
				FBC5734D2AFC140F00555744 /* Home */,
			);
			path = Repository;
			sourceTree = "<group>";
		};
		FBC5734D2AFC140F00555744 /* Home */ = {
			isa = PBXGroup;
			children = (
				FBC5734E2AFC142600555744 /* HomeRepository.swift */,
			);
			path = Home;
			sourceTree = "<group>";
		};
		FBC573522AFC147600555744 /* Home */ = {
			isa = PBXGroup;
			children = (
				FBC573542AFC148D00555744 /* HomeViewModel.swift */,
				FBC573582AFC14D900555744 /* HomeCellViewModel.swift */,
			);
			path = Home;
			sourceTree = "<group>";
		};
		FBC573532AFC147D00555744 /* Qr */ = {
			isa = PBXGroup;
			children = (
				FBC573562AFC149E00555744 /* QrViewModel.swift */,
			);
			path = Qr;
			sourceTree = "<group>";
		};
		FBC5735E2AFC158A00555744 /* SupportingFiles */ = {
			isa = PBXGroup;
			children = (
				FB79E13E2AFA6DAD0095B469 /* AppDelegate.swift */,
				FB79E1402AFA6DAD0095B469 /* SceneDelegate.swift */,
				FB79E1492AFA6DAF0095B469 /* LaunchScreen.storyboard */,
			);
			path = SupportingFiles;
			sourceTree = "<group>";
		};
/* End PBXGroup section */

/* Begin PBXNativeTarget section */
		FB79E13A2AFA6DAD0095B469 /* BauBuddyVERO */ = {
			isa = PBXNativeTarget;
			buildConfigurationList = FB79E14F2AFA6DAF0095B469 /* Build configuration list for PBXNativeTarget "BauBuddyVERO" */;
			buildPhases = (
				FB79E1372AFA6DAD0095B469 /* Sources */,
				FB79E1382AFA6DAD0095B469 /* Frameworks */,
				FB79E1392AFA6DAD0095B469 /* Resources */,
			);
			buildRules = (
			);
			dependencies = (
			);
			name = BauBuddyVERO;
			packageProductDependencies = (
				FBD494D02AFAAD6E00A7B954 /* SDWebImage */,
				FBD494D32AFAAD7B00A7B954 /* SQLite */,
				FBD494D62AFAAD8900A7B954 /* Alamofire */,
			);
			productName = BauBuddyVERO;
			productReference = FB79E13B2AFA6DAD0095B469 /* BauBuddyVERO.app */;
			productType = "com.apple.product-type.application";
		};
/* End PBXNativeTarget section */

/* Begin PBXProject section */
		FB79E1332AFA6DAD0095B469 /* Project object */ = {
			isa = PBXProject;
			attributes = {
				BuildIndependentTargetsInParallel = 1;
				LastSwiftUpdateCheck = 1500;
				LastUpgradeCheck = 1500;
				TargetAttributes = {
					FB79E13A2AFA6DAD0095B469 = {
						CreatedOnToolsVersion = 15.0.1;
					};
				};
			};
			buildConfigurationList = FB79E1362AFA6DAD0095B469 /* Build configuration list for PBXProject "BauBuddyVERO" */;
			compatibilityVersion = "Xcode 14.0";
			developmentRegion = en;
			hasScannedForEncodings = 0;
			knownRegions = (
				en,
				Base,
			);
			mainGroup = FB79E1322AFA6DAD0095B469;
			packageReferences = (
				FBD494CF2AFAAD6E00A7B954 /* XCRemoteSwiftPackageReference "SDWebImage" */,
				FBD494D22AFAAD7B00A7B954 /* XCRemoteSwiftPackageReference "SQLite" */,
				FBD494D52AFAAD8900A7B954 /* XCRemoteSwiftPackageReference "Alamofire" */,
			);
			productRefGroup = FB79E13C2AFA6DAD0095B469 /* Products */;
			projectDirPath = "";
			projectRoot = "";
			targets = (
				FB79E13A2AFA6DAD0095B469 /* BauBuddyVERO */,
			);
		};
/* End PBXProject section */

/* Begin PBXResourcesBuildPhase section */
		FB79E1392AFA6DAD0095B469 /* Resources */ = {
			isa = PBXResourcesBuildPhase;
			buildActionMask = 2147483647;
			files = (
				FB79E14B2AFA6DAF0095B469 /* LaunchScreen.storyboard in Resources */,
				FB79E1482AFA6DAF0095B469 /* Assets.xcassets in Resources */,
				FB79E1462AFA6DAD0095B469 /* Main.storyboard in Resources */,
			);
			runOnlyForDeploymentPostprocessing = 0;
		};
/* End PBXResourcesBuildPhase section */

/* Begin PBXSourcesBuildPhase section */
		FB79E1372AFA6DAD0095B469 /* Sources */ = {
			isa = PBXSourcesBuildPhase;
			buildActionMask = 2147483647;
			files = (
				FBC573482AFC0BAE00555744 /* NetworkError.swift in Sources */,
				FBD494E22AFAB7D400A7B954 /* ApiConstant.swift in Sources */,
				FBD494E42AFAB80A00A7B954 /* Service.swift in Sources */,
				FB79E1562AFA6E620095B469 /* AuthModel.swift in Sources */,
				FBD494EC2AFACCA300A7B954 /* QrViewController.swift in Sources */,
				FB79E1582AFA6EBD0095B469 /* TaskModel.swift in Sources */,
				FBC573572AFC149E00555744 /* QrViewModel.swift in Sources */,
				FBC5735D2AFC157400555744 /* LocalDataSource.swift in Sources */,
				FBD494EA2AFACC9600A7B954 /* HomeViewController.swift in Sources */,
				FBC573552AFC148D00555744 /* HomeViewModel.swift in Sources */,
				FBC573512AFC145100555744 /* TabbarViewController.swift in Sources */,
				FB79E13F2AFA6DAD0095B469 /* AppDelegate.swift in Sources */,
				FBC573592AFC14D900555744 /* HomeCellViewModel.swift in Sources */,
				FB79E1412AFA6DAD0095B469 /* SceneDelegate.swift in Sources */,
				FBC5735B2AFC153500555744 /* HomeTableViewCell.swift in Sources */,
				FBC5734F2AFC142600555744 /* HomeRepository.swift in Sources */,
			);
			runOnlyForDeploymentPostprocessing = 0;
		};
/* End PBXSourcesBuildPhase section */

/* Begin PBXVariantGroup section */
		FB79E1442AFA6DAD0095B469 /* Main.storyboard */ = {
			isa = PBXVariantGroup;
			children = (
				FB79E1452AFA6DAD0095B469 /* Base */,
			);
			name = Main.storyboard;
			sourceTree = "<group>";
		};
		FB79E1492AFA6DAF0095B469 /* LaunchScreen.storyboard */ = {
			isa = PBXVariantGroup;
			children = (
				FB79E14A2AFA6DAF0095B469 /* Base */,
			);
			name = LaunchScreen.storyboard;
			sourceTree = "<group>";
		};
/* End PBXVariantGroup section */

/* Begin XCBuildConfiguration section */
		FB79E14D2AFA6DAF0095B469 /* Debug */ = {
			isa = XCBuildConfiguration;
			buildSettings = {
				ALWAYS_SEARCH_USER_PATHS = NO;
				ASSETCATALOG_COMPILER_GENERATE_SWIFT_ASSET_SYMBOL_EXTENSIONS = YES;
				CLANG_ANALYZER_NONNULL = YES;
				CLANG_ANALYZER_NUMBER_OBJECT_CONVERSION = YES_AGGRESSIVE;
				CLANG_CXX_LANGUAGE_STANDARD = "gnu++20";
				CLANG_ENABLE_MODULES = YES;
				CLANG_ENABLE_OBJC_ARC = YES;
				CLANG_ENABLE_OBJC_WEAK = YES;
				CLANG_WARN_BLOCK_CAPTURE_AUTORELEASING = YES;
				CLANG_WARN_BOOL_CONVERSION = YES;
				CLANG_WARN_COMMA = YES;
				CLANG_WARN_CONSTANT_CONVERSION = YES;
				CLANG_WARN_DEPRECATED_OBJC_IMPLEMENTATIONS = YES;
				CLANG_WARN_DIRECT_OBJC_ISA_USAGE = YES_ERROR;
				CLANG_WARN_DOCUMENTATION_COMMENTS = YES;
				CLANG_WARN_EMPTY_BODY = YES;
				CLANG_WARN_ENUM_CONVERSION = YES;
				CLANG_WARN_INFINITE_RECURSION = YES;
				CLANG_WARN_INT_CONVERSION = YES;
				CLANG_WARN_NON_LITERAL_NULL_CONVERSION = YES;
				CLANG_WARN_OBJC_IMPLICIT_RETAIN_SELF = YES;
				CLANG_WARN_OBJC_LITERAL_CONVERSION = YES;
				CLANG_WARN_OBJC_ROOT_CLASS = YES_ERROR;
				CLANG_WARN_QUOTED_INCLUDE_IN_FRAMEWORK_HEADER = YES;
				CLANG_WARN_RANGE_LOOP_ANALYSIS = YES;
				CLANG_WARN_STRICT_PROTOTYPES = YES;
				CLANG_WARN_SUSPICIOUS_MOVE = YES;
				CLANG_WARN_UNGUARDED_AVAILABILITY = YES_AGGRESSIVE;
				CLANG_WARN_UNREACHABLE_CODE = YES;
				CLANG_WARN__DUPLICATE_METHOD_MATCH = YES;
				COPY_PHASE_STRIP = NO;
				DEBUG_INFORMATION_FORMAT = dwarf;
				ENABLE_STRICT_OBJC_MSGSEND = YES;
				ENABLE_TESTABILITY = YES;
				ENABLE_USER_SCRIPT_SANDBOXING = YES;
				GCC_C_LANGUAGE_STANDARD = gnu17;
				GCC_DYNAMIC_NO_PIC = NO;
				GCC_NO_COMMON_BLOCKS = YES;
				GCC_OPTIMIZATION_LEVEL = 0;
				GCC_PREPROCESSOR_DEFINITIONS = (
					"DEBUG=1",
					"$(inherited)",
				);
				GCC_WARN_64_TO_32_BIT_CONVERSION = YES;
				GCC_WARN_ABOUT_RETURN_TYPE = YES_ERROR;
				GCC_WARN_UNDECLARED_SELECTOR = YES;
				GCC_WARN_UNINITIALIZED_AUTOS = YES_AGGRESSIVE;
				GCC_WARN_UNUSED_FUNCTION = YES;
				GCC_WARN_UNUSED_VARIABLE = YES;
				IPHONEOS_DEPLOYMENT_TARGET = 15.0;
				LOCALIZATION_PREFERS_STRING_CATALOGS = YES;
				MTL_ENABLE_DEBUG_INFO = INCLUDE_SOURCE;
				MTL_FAST_MATH = YES;
				ONLY_ACTIVE_ARCH = YES;
				SDKROOT = iphoneos;
				SWIFT_ACTIVE_COMPILATION_CONDITIONS = "DEBUG $(inherited)";
				SWIFT_OPTIMIZATION_LEVEL = "-Onone";
			};
			name = Debug;
		};
		FB79E14E2AFA6DAF0095B469 /* Release */ = {
			isa = XCBuildConfiguration;
			buildSettings = {
				ALWAYS_SEARCH_USER_PATHS = NO;
				ASSETCATALOG_COMPILER_GENERATE_SWIFT_ASSET_SYMBOL_EXTENSIONS = YES;
				CLANG_ANALYZER_NONNULL = YES;
				CLANG_ANALYZER_NUMBER_OBJECT_CONVERSION = YES_AGGRESSIVE;
				CLANG_CXX_LANGUAGE_STANDARD = "gnu++20";
				CLANG_ENABLE_MODULES = YES;
				CLANG_ENABLE_OBJC_ARC = YES;
				CLANG_ENABLE_OBJC_WEAK = YES;
				CLANG_WARN_BLOCK_CAPTURE_AUTORELEASING = YES;
				CLANG_WARN_BOOL_CONVERSION = YES;
				CLANG_WARN_COMMA = YES;
				CLANG_WARN_CONSTANT_CONVERSION = YES;
				CLANG_WARN_DEPRECATED_OBJC_IMPLEMENTATIONS = YES;
				CLANG_WARN_DIRECT_OBJC_ISA_USAGE = YES_ERROR;
				CLANG_WARN_DOCUMENTATION_COMMENTS = YES;
				CLANG_WARN_EMPTY_BODY = YES;
				CLANG_WARN_ENUM_CONVERSION = YES;
				CLANG_WARN_INFINITE_RECURSION = YES;
				CLANG_WARN_INT_CONVERSION = YES;
				CLANG_WARN_NON_LITERAL_NULL_CONVERSION = YES;
				CLANG_WARN_OBJC_IMPLICIT_RETAIN_SELF = YES;
				CLANG_WARN_OBJC_LITERAL_CONVERSION = YES;
				CLANG_WARN_OBJC_ROOT_CLASS = YES_ERROR;
				CLANG_WARN_QUOTED_INCLUDE_IN_FRAMEWORK_HEADER = YES;
				CLANG_WARN_RANGE_LOOP_ANALYSIS = YES;
				CLANG_WARN_STRICT_PROTOTYPES = YES;
				CLANG_WARN_SUSPICIOUS_MOVE = YES;
				CLANG_WARN_UNGUARDED_AVAILABILITY = YES_AGGRESSIVE;
				CLANG_WARN_UNREACHABLE_CODE = YES;
				CLANG_WARN__DUPLICATE_METHOD_MATCH = YES;
				COPY_PHASE_STRIP = NO;
				DEBUG_INFORMATION_FORMAT = "dwarf-with-dsym";
				ENABLE_NS_ASSERTIONS = NO;
				ENABLE_STRICT_OBJC_MSGSEND = YES;
				ENABLE_USER_SCRIPT_SANDBOXING = YES;
				GCC_C_LANGUAGE_STANDARD = gnu17;
				GCC_NO_COMMON_BLOCKS = YES;
				GCC_WARN_64_TO_32_BIT_CONVERSION = YES;
				GCC_WARN_ABOUT_RETURN_TYPE = YES_ERROR;
				GCC_WARN_UNDECLARED_SELECTOR = YES;
				GCC_WARN_UNINITIALIZED_AUTOS = YES_AGGRESSIVE;
				GCC_WARN_UNUSED_FUNCTION = YES;
				GCC_WARN_UNUSED_VARIABLE = YES;
				IPHONEOS_DEPLOYMENT_TARGET = 15.0;
				LOCALIZATION_PREFERS_STRING_CATALOGS = YES;
				MTL_ENABLE_DEBUG_INFO = NO;
				MTL_FAST_MATH = YES;
				SDKROOT = iphoneos;
				SWIFT_COMPILATION_MODE = wholemodule;
				VALIDATE_PRODUCT = YES;
			};
			name = Release;
		};
		FB79E1502AFA6DAF0095B469 /* Debug */ = {
			isa = XCBuildConfiguration;
			buildSettings = {
				ASSETCATALOG_COMPILER_APPICON_NAME = AppIcon;
				ASSETCATALOG_COMPILER_GLOBAL_ACCENT_COLOR_NAME = AccentColor;
				CODE_SIGN_IDENTITY = "Apple Development";
				CODE_SIGN_STYLE = Automatic;
				CURRENT_PROJECT_VERSION = 1;
				DEVELOPMENT_TEAM = "";
				GENERATE_INFOPLIST_FILE = YES;
				INFOPLIST_FILE = BauBuddyVERO/Info.plist;
				INFOPLIST_KEY_UIApplicationSupportsIndirectInputEvents = YES;
				INFOPLIST_KEY_UILaunchStoryboardName = LaunchScreen;
				INFOPLIST_KEY_UIMainStoryboardFile = Main;
				INFOPLIST_KEY_UISupportedInterfaceOrientations = UIInterfaceOrientationPortrait;
				IPHONEOS_DEPLOYMENT_TARGET = 15.0;
				LD_RUNPATH_SEARCH_PATHS = (
					"$(inherited)",
					"@executable_path/Frameworks",
				);
				MARKETING_VERSION = 1.0;
				PRODUCT_BUNDLE_IDENTIFIER = com.muratala.BauBuddyVERO;
				PRODUCT_NAME = "$(TARGET_NAME)";
				PROVISIONING_PROFILE_SPECIFIER = "";
				SWIFT_EMIT_LOC_STRINGS = YES;
				SWIFT_VERSION = 5.0;
				TARGETED_DEVICE_FAMILY = "1,2";
			};
			name = Debug;
		};
		FB79E1512AFA6DAF0095B469 /* Release */ = {
			isa = XCBuildConfiguration;
			buildSettings = {
				ASSETCATALOG_COMPILER_APPICON_NAME = AppIcon;
				ASSETCATALOG_COMPILER_GLOBAL_ACCENT_COLOR_NAME = AccentColor;
				CODE_SIGN_IDENTITY = "Apple Development";
				CODE_SIGN_STYLE = Automatic;
				CURRENT_PROJECT_VERSION = 1;
				DEVELOPMENT_TEAM = "";
				GENERATE_INFOPLIST_FILE = YES;
				INFOPLIST_FILE = BauBuddyVERO/Info.plist;
				INFOPLIST_KEY_UIApplicationSupportsIndirectInputEvents = YES;
				INFOPLIST_KEY_UILaunchStoryboardName = LaunchScreen;
				INFOPLIST_KEY_UIMainStoryboardFile = Main;
				INFOPLIST_KEY_UISupportedInterfaceOrientations = UIInterfaceOrientationPortrait;
				IPHONEOS_DEPLOYMENT_TARGET = 15.0;
				LD_RUNPATH_SEARCH_PATHS = (
					"$(inherited)",
					"@executable_path/Frameworks",
				);
				MARKETING_VERSION = 1.0;
				PRODUCT_BUNDLE_IDENTIFIER = com.muratala.BauBuddyVERO;
				PRODUCT_NAME = "$(TARGET_NAME)";
				PROVISIONING_PROFILE_SPECIFIER = "";
				SWIFT_EMIT_LOC_STRINGS = YES;
				SWIFT_VERSION = 5.0;
				TARGETED_DEVICE_FAMILY = "1,2";
			};
			name = Release;
		};
/* End XCBuildConfiguration section */

/* Begin XCConfigurationList section */
		FB79E1362AFA6DAD0095B469 /* Build configuration list for PBXProject "BauBuddyVERO" */ = {
			isa = XCConfigurationList;
			buildConfigurations = (
				FB79E14D2AFA6DAF0095B469 /* Debug */,
				FB79E14E2AFA6DAF0095B469 /* Release */,
			);
			defaultConfigurationIsVisible = 0;
			defaultConfigurationName = Release;
		};
		FB79E14F2AFA6DAF0095B469 /* Build configuration list for PBXNativeTarget "BauBuddyVERO" */ = {
			isa = XCConfigurationList;
			buildConfigurations = (
				FB79E1502AFA6DAF0095B469 /* Debug */,
				FB79E1512AFA6DAF0095B469 /* Release */,
			);
			defaultConfigurationIsVisible = 0;
			defaultConfigurationName = Release;
		};
/* End XCConfigurationList section */

/* Begin XCRemoteSwiftPackageReference section */
		FBD494CF2AFAAD6E00A7B954 /* XCRemoteSwiftPackageReference "SDWebImage" */ = {
			isa = XCRemoteSwiftPackageReference;
			repositoryURL = "https://github.com/SDWebImage/SDWebImage";
			requirement = {
				kind = upToNextMajorVersion;
				minimumVersion = 5.18.4;
			};
		};
		FBD494D22AFAAD7B00A7B954 /* XCRemoteSwiftPackageReference "SQLite" */ = {
			isa = XCRemoteSwiftPackageReference;
			repositoryURL = "https://github.com/stephencelis/SQLite.swift";
			requirement = {
				kind = upToNextMajorVersion;
				minimumVersion = 0.14.1;
			};
		};
		FBD494D52AFAAD8900A7B954 /* XCRemoteSwiftPackageReference "Alamofire" */ = {
			isa = XCRemoteSwiftPackageReference;
			repositoryURL = "https://github.com/Alamofire/Alamofire";
			requirement = {
				kind = upToNextMajorVersion;
				minimumVersion = 5.8.1;
			};
		};
/* End XCRemoteSwiftPackageReference section */

/* Begin XCSwiftPackageProductDependency section */
		FBD494D02AFAAD6E00A7B954 /* SDWebImage */ = {
			isa = XCSwiftPackageProductDependency;
			package = FBD494CF2AFAAD6E00A7B954 /* XCRemoteSwiftPackageReference "SDWebImage" */;
			productName = SDWebImage;
		};
		FBD494D32AFAAD7B00A7B954 /* SQLite */ = {
			isa = XCSwiftPackageProductDependency;
			package = FBD494D22AFAAD7B00A7B954 /* XCRemoteSwiftPackageReference "SQLite" */;
			productName = SQLite;
		};
		FBD494D62AFAAD8900A7B954 /* Alamofire */ = {
			isa = XCSwiftPackageProductDependency;
			package = FBD494D52AFAAD8900A7B954 /* XCRemoteSwiftPackageReference "Alamofire" */;
			productName = Alamofire;
		};
/* End XCSwiftPackageProductDependency section */
	};
	rootObject = FB79E1332AFA6DAD0095B469 /* Project object */;
}
